
Microsoft Visual Studio Solution File, Format Version 12.00
# Visual Studio 15
VisualStudioVersion = 15.0.27004.2009
MinimumVisualStudioVersion = 10.0.40219.1
Project("{FAE04EC0-301F-11D3-BF4B-00C04F79EFBC}") = "Daigou", "Daigou\Daigou.csproj", "{B0B918AA-90C2-4040-A5E6-29B2ED23247B}"
EndProject
Project("{FAE04EC0-301F-11D3-BF4B-00C04F79EFBC}") = "DaigouTest", "DaigouTest\DaigouTest.csproj", "{6AEA9CF3-2D7B-43A1-965C-7AA1248E5830}"
EndProject
Project("{FAE04EC0-301F-11D3-BF4B-00C04F79EFBC}") = "PurchaseHelper", "PurchaseHelper\PurchaseHelper.csproj", "{2B8FA9A3-19BD-42C7-A8E4-FAD01AC84025}"
EndProject
Project("{2150E333-8FDC-42A3-9474-1A3956D46DE8}") = "Database Scripts", "Database Scripts", "{B494351E-8BCF-4BCF-ADDE-53EF64F21138}"
	ProjectSection(SolutionItems) = preProject
		dbtables.sql = dbtables.sql
	EndProjectSection
EndProject
Global
	GlobalSection(SolutionConfigurationPlatforms) = preSolution
		Debug|Any CPU = Debug|Any CPU
		Release|Any CPU = Release|Any CPU
	EndGlobalSection
	GlobalSection(ProjectConfigurationPlatforms) = postSolution
		{B0B918AA-90C2-4040-A5E6-29B2ED23247B}.Debug|Any CPU.ActiveCfg = Debug|Any CPU
		{B0B918AA-90C2-4040-A5E6-29B2ED23247B}.Debug|Any CPU.Build.0 = Debug|Any CPU
		{B0B918AA-90C2-4040-A5E6-29B2ED23247B}.Release|Any CPU.ActiveCfg = Release|Any CPU
		{B0B918AA-90C2-4040-A5E6-29B2ED23247B}.Release|Any CPU.Build.0 = Release|Any CPU
		{6AEA9CF3-2D7B-43A1-965C-7AA1248E5830}.Debug|Any CPU.ActiveCfg = Debug|Any CPU
		{6AEA9CF3-2D7B-43A1-965C-7AA1248E5830}.Debug|Any CPU.Build.0 = Debug|Any CPU
		{6AEA9CF3-2D7B-43A1-965C-7AA1248E5830}.Release|Any CPU.ActiveCfg = Release|Any CPU
		{6AEA9CF3-2D7B-43A1-965C-7AA1248E5830}.Release|Any CPU.Build.0 = Release|Any CPU
		{2B8FA9A3-19BD-42C7-A8E4-FAD01AC84025}.Debug|Any CPU.ActiveCfg = Debug|Any CPU
		{2B8FA9A3-19BD-42C7-A8E4-FAD01AC84025}.Debug|Any CPU.Build.0 = Debug|Any CPU
		{2B8FA9A3-19BD-42C7-A8E4-FAD01AC84025}.Release|Any CPU.ActiveCfg = Release|Any CPU
		{2B8FA9A3-19BD-42C7-A8E4-FAD01AC84025}.Release|Any CPU.Build.0 = Release|Any CPU
	EndGlobalSection
	GlobalSection(SolutionProperties) = preSolution
		HideSolutionNode = FALSE
	EndGlobalSection
	GlobalSection(ExtensibilityGlobals) = postSolution
		SolutionGuid = {25DFF87A-5E11-40A1-9020-92DFA091BE0D}
	EndGlobalSection
EndGlobal
